Microsoft Visual Studio Solution File, Format Version 12.00
# Visual Studio Version 17
VisualStudioVersion = 17.5.2.0
MinimumVisualStudioVersion = 10.0.40219.1
Project("{FAE04EC0-301F-11D3-BF4B-00C04F79EFBC}") = "TaskFlowApi", "TaskFlowApi.csproj", "{295A429A-3E2D-EF1F-4B55-F185694D58E2}"
EndProject
Global
	GlobalSection(SolutionConfigurationPlatforms) = preSolution
		Debug|Any CPU = Debug|Any CPU
		Release|Any CPU = Release|Any CPU
	EndGlobalSection
	GlobalSection(ProjectConfigurationPlatforms) = postSolution
		{295A429A-3E2D-EF1F-4B55-F185694D58E2}.Debug|Any CPU.ActiveCfg = Debug|Any CPU
		{295A429A-3E2D-EF1F-4B55-F185694D58E2}.Debug|Any CPU.Build.0 = Debug|Any CPU
		{295A429A-3E2D-EF1F-4B55-F185694D58E2}.Release|Any CPU.ActiveCfg = Release|Any CPU
		{295A429A-3E2D-EF1F-4B55-F185694D58E2}.Release|Any CPU.Build.0 = Release|Any CPU
	EndGlobalSection
	GlobalSection(SolutionProperties) = preSolution
		HideSolutionNode = FALSE
	EndGlobalSection
	GlobalSection(ExtensibilityGlobals) = postSolution
		SolutionGuid = {860C2617-C004-4B93-855B-650BA401E063}
	EndGlobalSection
EndGlobal
